
Microsoft Visual Studio Solution File, Format Version 12.00
# Visual Studio Version 17
VisualStudioVersion = 17.5.002.0
MinimumVisualStudioVersion = 10.0.40219.1
Project("{2150E333-8FDC-42A3-9474-1A3956D46DE8}") = "csharp-prep", "csharp-prep", "{88D5C308-1438-48C5-88A5-5B78E43106AE}"
EndProject
Project("{9A19103F-16F7-4668-BE54-9A1E7A4F7556}") = "Prep1", "csharp-prep\Prep1\Prep1.csproj", "{6CBB3F50-F17C-490B-90AC-807263DA73B0}"
EndProject
Project("{9A19103F-16F7-4668-BE54-9A1E7A4F7556}") = "Prep2", "csharp-prep\Prep2\Prep2.csproj", "{6E7267F0-341F-49CD-924C-9F25C3A04266}"
EndProject
Project("{9A19103F-16F7-4668-BE54-9A1E7A4F7556}") = "Prep3", "csharp-prep\Prep3\Prep3.csproj", "{B6453DAA-49E4-4954-8BE5-DB88C95579AC}"
EndProject
Project("{9A19103F-16F7-4668-BE54-9A1E7A4F7556}") = "Prep4", "csharp-prep\Prep4\Prep4.csproj", "{56284493-9F0F-4683-905A-09CBB25EF889}"
EndProject
Project("{9A19103F-16F7-4668-BE54-9A1E7A4F7556}") = "Prep5", "csharp-prep\Prep5\Prep5.csproj", "{63F5680A-7C7C-44D4-9207-0386887FEC13}"
EndProject
Project("{2150E333-8FDC-42A3-9474-1A3956D46DE8}") = "final", "final", "{BCBEAFAA-F9A7-47F2-AA47-73CE88B91C32}"
EndProject
Project("{9A19103F-16F7-4668-BE54-9A1E7A4F7556}") = "FinalProject", "final\FinalProject\FinalProject.csproj", "{BD28B1E3-F0AF-4DE5-8616-141326CCE048}"
EndProject
Project("{9A19103F-16F7-4668-BE54-9A1E7A4F7556}") = "Foundation1", "final\Foundation1\Foundation1.csproj", "{99F96458-E0FD-40CE-9962-2FDB80CA8E38}"
EndProject
Project("{9A19103F-16F7-4668-BE54-9A1E7A4F7556}") = "Foundation2", "final\Foundation2\Foundation2.csproj", "{07DC8C60-9FB8-4E94-A208-75704D548022}"
EndProject
Project("{9A19103F-16F7-4668-BE54-9A1E7A4F7556}") = "Foundation3", "final\Foundation3\Foundation3.csproj", "{8043A4D6-E089-4E64-B513-F4889D4FA925}"
EndProject
Project("{9A19103F-16F7-4668-BE54-9A1E7A4F7556}") = "Foundation4", "final\Foundation4\Foundation4.csproj", "{83A8746D-9C70-4410-8086-0F4F9F9251EF}"
EndProject
Project("{2150E333-8FDC-42A3-9474-1A3956D46DE8}") = "prepare", "prepare", "{4D2994B0-30F8-4065-8326-BDCB6EBA24D5}"
EndProject
Project("{9A19103F-16F7-4668-BE54-9A1E7A4F7556}") = "Learning02", "prepare\Learning02\Learning02.csproj", "{E19CC9CB-180A-47F6-82A4-48703E72F322}"
EndProject
Project("{9A19103F-16F7-4668-BE54-9A1E7A4F7556}") = "Learning03", "prepare\Learning03\Learning03.csproj", "{0F02D86C-DDB8-414A-A739-9C90E8E00351}"
EndProject
Project("{9A19103F-16F7-4668-BE54-9A1E7A4F7556}") = "Learning04", "prepare\Learning04\Learning04.csproj", "{11E9467B-577F-4A69-B426-F4802A673A5F}"
EndProject
Project("{9A19103F-16F7-4668-BE54-9A1E7A4F7556}") = "Learning05", "prepare\Learning05\Learning05.csproj", "{946A6AB9-993D-4B53-A024-624F46529309}"
EndProject
Project("{2150E333-8FDC-42A3-9474-1A3956D46DE8}") = "prove", "prove", "{06BA8E5A-17AD-49E1-8A57-0F7EAB180000}"
EndProject
Project("{9A19103F-16F7-4668-BE54-9A1E7A4F7556}") = "Develop02", "prove\Develop02\Develop02.csproj", "{A1E1F2FE-16D4-4A0F-8D57-1D3CB3A2679D}"
EndProject
Project("{9A19103F-16F7-4668-BE54-9A1E7A4F7556}") = "Develop03", "prove\Develop03\Develop03.csproj", "{10DD72F0-9F8D-4192-B309-9F2FAEBA1DAF}"
EndProject
Project("{9A19103F-16F7-4668-BE54-9A1E7A4F7556}") = "Develop04", "prove\Develop04\Develop04.csproj", "{E3D0BB6C-0EAD-448A-A0CE-B8051C4BC4DF}"
EndProject
Project("{9A19103F-16F7-4668-BE54-9A1E7A4F7556}") = "Develop05", "prove\Develop05\Develop05.csproj", "{D451C3BD-CF54-4874-A0FB-18FBA572E87D}"
EndProject
Project("{2150E333-8FDC-42A3-9474-1A3956D46DE8}") = "sandbox", "sandbox", "{56207DEC-BAF0-4D34-BA71-F0C619A0D321}"
EndProject
Project("{9A19103F-16F7-4668-BE54-9A1E7A4F7556}") = "Sandbox", "sandbox\Sandbox\Sandbox.csproj", "{C22858C1-FAB5-4637-9ADD-545881C6451C}"
EndProject
Global
	GlobalSection(SolutionConfigurationPlatforms) = preSolution
		Debug|Any CPU = Debug|Any CPU
		Release|Any CPU = Release|Any CPU
	EndGlobalSection
	GlobalSection(ProjectConfigurationPlatforms) = postSolution
		{6CBB3F50-F17C-490B-90AC-807263DA73B0}.Debug|Any CPU.ActiveCfg = Debug|Any CPU
		{6CBB3F50-F17C-490B-90AC-807263DA73B0}.Debug|Any CPU.Build.0 = Debug|Any CPU
		{6CBB3F50-F17C-490B-90AC-807263DA73B0}.Release|Any CPU.ActiveCfg = Release|Any CPU
		{6CBB3F50-F17C-490B-90AC-807263DA73B0}.Release|Any CPU.Build.0 = Release|Any CPU
		{6E7267F0-341F-49CD-924C-9F25C3A04266}.Debug|Any CPU.ActiveCfg = Debug|Any CPU
		{6E7267F0-341F-49CD-924C-9F25C3A04266}.Debug|Any CPU.Build.0 = Debug|Any CPU
		{6E7267F0-341F-49CD-924C-9F25C3A04266}.Release|Any CPU.ActiveCfg = Release|Any CPU
		{6E7267F0-341F-49CD-924C-9F25C3A04266}.Release|Any CPU.Build.0 = Release|Any CPU
		{B6453DAA-49E4-4954-8BE5-DB88C95579AC}.Debug|Any CPU.ActiveCfg = Debug|Any CPU
		{B6453DAA-49E4-4954-8BE5-DB88C95579AC}.Debug|Any CPU.Build.0 = Debug|Any CPU
		{B6453DAA-49E4-4954-8BE5-DB88C95579AC}.Release|Any CPU.ActiveCfg = Release|Any CPU
		{B6453DAA-49E4-4954-8BE5-DB88C95579AC}.Release|Any CPU.Build.0 = Release|Any CPU
		{56284493-9F0F-4683-905A-09CBB25EF889}.Debug|Any CPU.ActiveCfg = Debug|Any CPU
		{56284493-9F0F-4683-905A-09CBB25EF889}.Debug|Any CPU.Build.0 = Debug|Any CPU
		{56284493-9F0F-4683-905A-09CBB25EF889}.Release|Any CPU.ActiveCfg = Release|Any CPU
		{56284493-9F0F-4683-905A-09CBB25EF889}.Release|Any CPU.Build.0 = Release|Any CPU
		{63F5680A-7C7C-44D4-9207-0386887FEC13}.Debug|Any CPU.ActiveCfg = Debug|Any CPU
		{63F5680A-7C7C-44D4-9207-0386887FEC13}.Debug|Any CPU.Build.0 = Debug|Any CPU
		{63F5680A-7C7C-44D4-9207-0386887FEC13}.Release|Any CPU.ActiveCfg = Release|Any CPU
		{63F5680A-7C7C-44D4-9207-0386887FEC13}.Release|Any CPU.Build.0 = Release|Any CPU
		{BD28B1E3-F0AF-4DE5-8616-141326CCE048}.Debug|Any CPU.ActiveCfg = Debug|Any CPU
		{BD28B1E3-F0AF-4DE5-8616-141326CCE048}.Debug|Any CPU.Build.0 = Debug|Any CPU
		{BD28B1E3-F0AF-4DE5-8616-141326CCE048}.Release|Any CPU.ActiveCfg = Release|Any CPU
		{BD28B1E3-F0AF-4DE5-8616-141326CCE048}.Release|Any CPU.Build.0 = Release|Any CPU
		{99F96458-E0FD-40CE-9962-2FDB80CA8E38}.Debug|Any CPU.ActiveCfg = Debug|Any CPU
		{99F96458-E0FD-40CE-9962-2FDB80CA8E38}.Debug|Any CPU.Build.0 = Debug|Any CPU
		{99F96458-E0FD-40CE-9962-2FDB80CA8E38}.Release|Any CPU.ActiveCfg = Release|Any CPU
		{99F96458-E0FD-40CE-9962-2FDB80CA8E38}.Release|Any CPU.Build.0 = Release|Any CPU
		{07DC8C60-9FB8-4E94-A208-75704D548022}.Debug|Any CPU.ActiveCfg = Debug|Any CPU
		{07DC8C60-9FB8-4E94-A208-75704D548022}.Debug|Any CPU.Build.0 = Debug|Any CPU
		{07DC8C60-9FB8-4E94-A208-75704D548022}.Release|Any CPU.ActiveCfg = Release|Any CPU
		{07DC8C60-9FB8-4E94-A208-75704D548022}.Release|Any CPU.Build.0 = Release|Any CPU
		{8043A4D6-E089-4E64-B513-F4889D4FA925}.Debug|Any CPU.ActiveCfg = Debug|Any CPU
		{8043A4D6-E089-4E64-B513-F4889D4FA925}.Debug|Any CPU.Build.0 = Debug|Any CPU
		{8043A4D6-E089-4E64-B513-F4889D4FA925}.Release|Any CPU.ActiveCfg = Release|Any CPU
		{8043A4D6-E089-4E64-B513-F4889D4FA925}.Release|Any CPU.Build.0 = Release|Any CPU
		{83A8746D-9C70-4410-8086-0F4F9F9251EF}.Debug|Any CPU.ActiveCfg = Debug|Any CPU
		{83A8746D-9C70-4410-8086-0F4F9F9251EF}.Debug|Any CPU.Build.0 = Debug|Any CPU
		{83A8746D-9C70-4410-8086-0F4F9F9251EF}.Release|Any CPU.ActiveCfg = Release|Any CPU
		{83A8746D-9C70-4410-8086-0F4F9F9251EF}.Release|Any CPU.Build.0 = Release|Any CPU
		{E19CC9CB-180A-47F6-82A4-48703E72F322}.Debug|Any CPU.ActiveCfg = Debug|Any CPU
		{E19CC9CB-180A-47F6-82A4-48703E72F322}.Debug|Any CPU.Build.0 = Debug|Any CPU
		{E19CC9CB-180A-47F6-82A4-48703E72F322}.Release|Any CPU.ActiveCfg = Release|Any CPU
		{E19CC9CB-180A-47F6-82A4-48703E72F322}.Release|Any CPU.Build.0 = Release|Any CPU
		{0F02D86C-DDB8-414A-A739-9C90E8E00351}.Debug|Any CPU.ActiveCfg = Debug|Any CPU
		{0F02D86C-DDB8-414A-A739-9C90E8E00351}.Debug|Any CPU.Build.0 = Debug|Any CPU
		{0F02D86C-DDB8-414A-A739-9C90E8E00351}.Release|Any CPU.ActiveCfg = Release|Any CPU
		{0F02D86C-DDB8-414A-A739-9C90E8E00351}.Release|Any CPU.Build.0 = Release|Any CPU
		{11E9467B-577F-4A69-B426-F4802A673A5F}.Debug|Any CPU.ActiveCfg = Debug|Any CPU
		{11E9467B-577F-4A69-B426-F4802A673A5F}.Debug|Any CPU.Build.0 = Debug|Any CPU
		{11E9467B-577F-4A69-B426-F4802A673A5F}.Release|Any CPU.ActiveCfg = Release|Any CPU
		{11E9467B-577F-4A69-B426-F4802A673A5F}.Release|Any CPU.Build.0 = Release|Any CPU
		{946A6AB9-993D-4B53-A024-624F46529309}.Debug|Any CPU.ActiveCfg = Debug|Any CPU
		{946A6AB9-993D-4B53-A024-624F46529309}.Debug|Any CPU.Build.0 = Debug|Any CPU
		{946A6AB9-993D-4B53-A024-624F46529309}.Release|Any CPU.ActiveCfg = Release|Any CPU
		{946A6AB9-993D-4B53-A024-624F46529309}.Release|Any CPU.Build.0 = Release|Any CPU
		{A1E1F2FE-16D4-4A0F-8D57-1D3CB3A2679D}.Debug|Any CPU.ActiveCfg = Debug|Any CPU
		{A1E1F2FE-16D4-4A0F-8D57-1D3CB3A2679D}.Debug|Any CPU.Build.0 = Debug|Any CPU
		{A1E1F2FE-16D4-4A0F-8D57-1D3CB3A2679D}.Release|Any CPU.ActiveCfg = Release|Any CPU
		{A1E1F2FE-16D4-4A0F-8D57-1D3CB3A2679D}.Release|Any CPU.Build.0 = Release|Any CPU
		{10DD72F0-9F8D-4192-B309-9F2FAEBA1DAF}.Debug|Any CPU.ActiveCfg = Debug|Any CPU
		{10DD72F0-9F8D-4192-B309-9F2FAEBA1DAF}.Debug|Any CPU.Build.0 = Debug|Any CPU
		{10DD72F0-9F8D-4192-B309-9F2FAEBA1DAF}.Release|Any CPU.ActiveCfg = Release|Any CPU
		{10DD72F0-9F8D-4192-B309-9F2FAEBA1DAF}.Release|Any CPU.Build.0 = Release|Any CPU
		{E3D0BB6C-0EAD-448A-A0CE-B8051C4BC4DF}.Debug|Any CPU.ActiveCfg = Debug|Any CPU
		{E3D0BB6C-0EAD-448A-A0CE-B8051C4BC4DF}.Debug|Any CPU.Build.0 = Debug|Any CPU
		{E3D0BB6C-0EAD-448A-A0CE-B8051C4BC4DF}.Release|Any CPU.ActiveCfg = Release|Any CPU
		{E3D0BB6C-0EAD-448A-A0CE-B8051C4BC4DF}.Release|Any CPU.Build.0 = Release|Any CPU
		{D451C3BD-CF54-4874-A0FB-18FBA572E87D}.Debug|Any CPU.ActiveCfg = Debug|Any CPU
		{D451C3BD-CF54-4874-A0FB-18FBA572E87D}.Debug|Any CPU.Build.0 = Debug|Any CPU
		{D451C3BD-CF54-4874-A0FB-18FBA572E87D}.Release|Any CPU.ActiveCfg = Release|Any CPU
		{D451C3BD-CF54-4874-A0FB-18FBA572E87D}.Release|Any CPU.Build.0 = Release|Any CPU
		{C22858C1-FAB5-4637-9ADD-545881C6451C}.Debug|Any CPU.ActiveCfg = Debug|Any CPU
		{C22858C1-FAB5-4637-9ADD-545881C6451C}.Debug|Any CPU.Build.0 = Debug|Any CPU
		{C22858C1-FAB5-4637-9ADD-545881C6451C}.Release|Any CPU.ActiveCfg = Release|Any CPU
		{C22858C1-FAB5-4637-9ADD-545881C6451C}.Release|Any CPU.Build.0 = Release|Any CPU
	EndGlobalSection
	GlobalSection(SolutionProperties) = preSolution
		HideSolutionNode = FALSE
	EndGlobalSection
	GlobalSection(NestedProjects) = preSolution
		{6CBB3F50-F17C-490B-90AC-807263DA73B0} = {88D5C308-1438-48C5-88A5-5B78E43106AE}
		{6E7267F0-341F-49CD-924C-9F25C3A04266} = {88D5C308-1438-48C5-88A5-5B78E43106AE}
		{B6453DAA-49E4-4954-8BE5-DB88C95579AC} = {88D5C308-1438-48C5-88A5-5B78E43106AE}
		{56284493-9F0F-4683-905A-09CBB25EF889} = {88D5C308-1438-48C5-88A5-5B78E43106AE}
		{63F5680A-7C7C-44D4-9207-0386887FEC13} = {88D5C308-1438-48C5-88A5-5B78E43106AE}
		{BD28B1E3-F0AF-4DE5-8616-141326CCE048} = {BCBEAFAA-F9A7-47F2-AA47-73CE88B91C32}
		{99F96458-E0FD-40CE-9962-2FDB80CA8E38} = {BCBEAFAA-F9A7-47F2-AA47-73CE88B91C32}
		{07DC8C60-9FB8-4E94-A208-75704D548022} = {BCBEAFAA-F9A7-47F2-AA47-73CE88B91C32}
		{8043A4D6-E089-4E64-B513-F4889D4FA925} = {BCBEAFAA-F9A7-47F2-AA47-73CE88B91C32}
		{83A8746D-9C70-4410-8086-0F4F9F9251EF} = {BCBEAFAA-F9A7-47F2-AA47-73CE88B91C32}
		{E19CC9CB-180A-47F6-82A4-48703E72F322} = {4D2994B0-30F8-4065-8326-BDCB6EBA24D5}
		{0F02D86C-DDB8-414A-A739-9C90E8E00351} = {4D2994B0-30F8-4065-8326-BDCB6EBA24D5}
		{11E9467B-577F-4A69-B426-F4802A673A5F} = {4D2994B0-30F8-4065-8326-BDCB6EBA24D5}
		{946A6AB9-993D-4B53-A024-624F46529309} = {4D2994B0-30F8-4065-8326-BDCB6EBA24D5}
		{A1E1F2FE-16D4-4A0F-8D57-1D3CB3A2679D} = {06BA8E5A-17AD-49E1-8A57-0F7EAB180000}
		{10DD72F0-9F8D-4192-B309-9F2FAEBA1DAF} = {06BA8E5A-17AD-49E1-8A57-0F7EAB180000}
		{E3D0BB6C-0EAD-448A-A0CE-B8051C4BC4DF} = {06BA8E5A-17AD-49E1-8A57-0F7EAB180000}
		{D451C3BD-CF54-4874-A0FB-18FBA572E87D} = {06BA8E5A-17AD-49E1-8A57-0F7EAB180000}
		{C22858C1-FAB5-4637-9ADD-545881C6451C} = {56207DEC-BAF0-4D34-BA71-F0C619A0D321}
	EndGlobalSection
	GlobalSection(ExtensibilityGlobals) = postSolution
		SolutionGuid = {9461FC92-9227-4A0E-9344-82E6BA9B9D91}
	EndGlobalSection
EndGlobal
